{
  "version": 4,
  "terraform_version": "1.7.3",
  "serial": 34,
  "lineage": "a1536d9f-436f-8d09-79ef-6b499385979a",
  "outputs": {},
  "resources": [
    {
      "mode": "data",
      "type": "aws_ami",
      "name": "ubuntu",
      "provider": "provider[\"registry.terraform.io/hashicorp/aws\"]",
      "instances": [
        {
          "schema_version": 0,
          "attributes": {
            "architecture": "arm64",
            "arn": "arn:aws:ec2:us-west-2::image/ami-02284b98a083302f5",
            "block_device_mappings": [
              {
                "device_name": "/dev/sda1",
                "ebs": {
                  "delete_on_termination": "true",
                  "encrypted": "false",
                  "iops": "0",
                  "snapshot_id": "snap-0c22ab6c7b5e7ee9d",
                  "throughput": "0",
                  "volume_size": "8",
                  "volume_type": "gp2"
                },
                "no_device": "",
                "virtual_name": ""
              },
              {
                "device_name": "/dev/sdb",
                "ebs": {},
                "no_device": "",
                "virtual_name": "ephemeral0"
              },
              {
                "device_name": "/dev/sdc",
                "ebs": {},
                "no_device": "",
                "virtual_name": "ephemeral1"
              }
            ],
            "boot_mode": "",
            "creation_date": "2024-02-28T04:19:45.000Z",
            "deprecation_time": "2026-02-28T04:19:45.000Z",
            "description": "Canonical, Ubuntu, 22.04 LTS, arm64 jammy image build on 2024-02-28",
            "ena_support": true,
            "executable_users": null,
            "filter": [
              {
                "name": "name",
                "values": [
                  "ubuntu/images/hvm-ssd/ubuntu-jammy-22.04-arm64-server-*"
                ]
              },
              {
                "name": "virtualization-type",
                "values": [
                  "hvm"
                ]
              }
            ],
            "hypervisor": "xen",
            "id": "ami-02284b98a083302f5",
            "image_id": "ami-02284b98a083302f5",
            "image_location": "amazon/ubuntu/images/hvm-ssd/ubuntu-jammy-22.04-arm64-server-20240228",
            "image_owner_alias": "amazon",
            "image_type": "machine",
            "imds_support": "",
            "include_deprecated": false,
            "kernel_id": "",
            "most_recent": true,
            "name": "ubuntu/images/hvm-ssd/ubuntu-jammy-22.04-arm64-server-20240228",
            "name_regex": null,
            "owner_id": "099720109477",
            "owners": [
              "099720109477"
            ],
            "platform": "",
            "platform_details": "Linux/UNIX",
            "product_codes": [],
            "public": true,
            "ramdisk_id": "",
            "root_device_name": "/dev/sda1",
            "root_device_type": "ebs",
            "root_snapshot_id": "snap-0c22ab6c7b5e7ee9d",
            "sriov_net_support": "simple",
            "state": "available",
            "state_reason": {
              "code": "UNSET",
              "message": "UNSET"
            },
            "tags": {},
            "timeouts": null,
            "tpm_support": "",
            "usage_operation": "RunInstances",
            "virtualization_type": "hvm"
          },
          "sensitive_attributes": []
        }
      ]
    },
    {
      "mode": "managed",
      "type": "aws_eip",
      "name": "workload_id_demo_backend_1_eip",
      "provider": "provider[\"registry.terraform.io/hashicorp/aws\"]",
      "instances": [
        {
          "schema_version": 0,
          "attributes": {
            "address": null,
            "allocation_id": "eipalloc-067acacf4a3b4a876",
            "associate_with_private_ip": null,
            "association_id": "eipassoc-00a3e1120acebfede",
            "carrier_ip": "",
            "customer_owned_ip": "",
            "customer_owned_ipv4_pool": "",
            "domain": "vpc",
            "id": "eipalloc-067acacf4a3b4a876",
            "instance": "i-0386414f5fda85a7d",
            "network_border_group": "us-west-2",
            "network_interface": "eni-0dfc5135424500640",
            "private_dns": "ip-172-31-20-214.us-west-2.compute.internal",
            "private_ip": "172.31.20.214",
            "public_dns": "ec2-35-163-6-55.us-west-2.compute.amazonaws.com",
            "public_ip": "35.163.6.55",
            "public_ipv4_pool": "amazon",
            "tags": {
              "Environment": "workload-id-demo",
              "Name": "workload-id-demo-backend-1",
              "Owner": "Dave Sudia",
              "Service": "Workload ID Demo Backend 1"
            },
            "tags_all": {
              "Environment": "workload-id-demo",
              "Name": "workload-id-demo-backend-1",
              "Owner": "Dave Sudia",
              "Service": "Workload ID Demo Backend 1"
            },
            "timeouts": null,
            "vpc": true
          },
          "sensitive_attributes": [],
          "private": "eyJlMmJmYjczMC1lY2FhLTExZTYtOGY4OC0zNDM2M2JjN2M0YzAiOnsiZGVsZXRlIjoxODAwMDAwMDAwMDAsInJlYWQiOjkwMDAwMDAwMDAwMCwidXBkYXRlIjozMDAwMDAwMDAwMDB9fQ==",
          "dependencies": [
            "aws_iam_instance_profile.workload_id_demo_nodes_profile",
            "aws_iam_role.workload_id_demo_nodes_role",
            "aws_instance.workload_id_demo_backend_1",
            "aws_security_group.workload_id_demo_nodes_sg",
            "cloudinit_config.workload_id_demo_backend_1_cloud_init",
            "data.aws_ami.ubuntu",
            "teleport_provision_token.workload_id_demo_node_token",
            "teleport_provision_token.workload_id_demo_web_bot_token"
          ]
        }
      ]
    },
    {
      "mode": "managed",
      "type": "aws_eip",
      "name": "workload_id_demo_web_eip",
      "provider": "provider[\"registry.terraform.io/hashicorp/aws\"]",
      "instances": [
        {
          "schema_version": 0,
          "attributes": {
            "address": null,
            "allocation_id": "eipalloc-0053804c4b03e3681",
            "associate_with_private_ip": null,
            "association_id": "eipassoc-09a6e1f1f4803dc58",
            "carrier_ip": "",
            "customer_owned_ip": "",
            "customer_owned_ipv4_pool": "",
            "domain": "vpc",
            "id": "eipalloc-0053804c4b03e3681",
            "instance": "i-0eb95e13d90be5284",
            "network_border_group": "us-west-2",
            "network_interface": "eni-0090451e8c67e6eea",
            "private_dns": "ip-172-31-24-39.us-west-2.compute.internal",
            "private_ip": "172.31.24.39",
            "public_dns": "ec2-44-225-39-235.us-west-2.compute.amazonaws.com",
            "public_ip": "44.225.39.235",
            "public_ipv4_pool": "amazon",
            "tags": {
              "Environment": "workload-id-demo",
              "Name": "workload-id-demo-web",
              "Owner": "Dave Sudia",
              "Service": "Workload ID Demo Web"
            },
            "tags_all": {
              "Environment": "workload-id-demo",
              "Name": "workload-id-demo-web",
              "Owner": "Dave Sudia",
              "Service": "Workload ID Demo Web"
            },
            "timeouts": null,
            "vpc": true
          },
          "sensitive_attributes": [],
          "private": "eyJlMmJmYjczMC1lY2FhLTExZTYtOGY4OC0zNDM2M2JjN2M0YzAiOnsiZGVsZXRlIjoxODAwMDAwMDAwMDAsInJlYWQiOjkwMDAwMDAwMDAwMCwidXBkYXRlIjozMDAwMDAwMDAwMDB9fQ==",
          "dependencies": [
            "aws_iam_instance_profile.workload_id_demo_nodes_profile",
            "aws_iam_role.workload_id_demo_nodes_role",
            "aws_instance.workload_id_demo_web",
            "aws_security_group.workload_id_demo_nodes_sg",
            "cloudinit_config.workload_id_demo_web_cloud_init",
            "data.aws_ami.ubuntu",
            "teleport_provision_token.workload_id_demo_node_token",
            "teleport_provision_token.workload_id_demo_web_bot_token"
          ]
        }
      ]
    },
    {
      "mode": "managed",
      "type": "aws_iam_instance_profile",
      "name": "workload_id_demo_nodes_profile",
      "provider": "provider[\"registry.terraform.io/hashicorp/aws\"]",
      "instances": [
        {
          "schema_version": 0,
          "attributes": {
            "arn": "arn:aws:iam::981262289404:instance-profile/WorkloadIdDemoNodes",
            "create_date": "2024-02-29T23:45:20Z",
            "id": "WorkloadIdDemoNodes",
            "name": "WorkloadIdDemoNodes",
            "name_prefix": "",
            "path": "/",
            "role": "WorkloadIdDemoNodes",
            "tags": {},
            "tags_all": {},
            "unique_id": "AIPA6I56KJH6AQ5WDEOU6"
          },
          "sensitive_attributes": [],
          "private": "bnVsbA==",
          "dependencies": [
            "aws_iam_role.workload_id_demo_nodes_role"
          ]
        }
      ]
    },
    {
      "mode": "managed",
      "type": "aws_iam_role",
      "name": "workload_id_demo_nodes_role",
      "provider": "provider[\"registry.terraform.io/hashicorp/aws\"]",
      "instances": [
        {
          "schema_version": 0,
          "attributes": {
            "arn": "arn:aws:iam::981262289404:role/WorkloadIdDemoNodes",
            "assume_role_policy": "{\"Statement\":[{\"Action\":\"sts:AssumeRole\",\"Effect\":\"Allow\",\"Principal\":{\"Service\":\"ec2.amazonaws.com\"},\"Sid\":\"\"}],\"Version\":\"2012-10-17\"}",
            "create_date": "2024-02-29T23:45:20Z",
            "description": "",
            "force_detach_policies": false,
            "id": "WorkloadIdDemoNodes",
            "inline_policy": [
              {
                "name": "WorkloadIdDemoNodes",
                "policy": "{\"Version\":\"2012-10-17\",\"Statement\":[{\"Action\":[\"sts:GetCallerIdentity\"],\"Effect\":\"Allow\",\"Resource\":\"*\"},{\"Action\":[\"s3:ListBucket\",\"s3:GetObject\"],\"Effect\":\"Allow\",\"Resource\":\"arn:aws:s3:::workload-id-demo-binaries/*\",\"Sid\":\"\"}]}"
              }
            ],
            "managed_policy_arns": [],
            "max_session_duration": 3600,
            "name": "WorkloadIdDemoNodes",
            "name_prefix": "",
            "path": "/",
            "permissions_boundary": "",
            "tags": {
              "Environment": "workload-id-demo",
              "Owner": "Dave Sudia"
            },
            "tags_all": {
              "Environment": "workload-id-demo",
              "Owner": "Dave Sudia"
            },
            "unique_id": "AROA6I56KJH6MDQVHG2OJ"
          },
          "sensitive_attributes": [],
          "private": "bnVsbA=="
        }
      ]
    },
    {
      "mode": "managed",
      "type": "aws_iam_role_policy",
      "name": "workload_id_demo_nodes_policy",
      "provider": "provider[\"registry.terraform.io/hashicorp/aws\"]",
      "instances": [
        {
          "schema_version": 0,
          "attributes": {
            "id": "WorkloadIdDemoNodes:WorkloadIdDemoNodes",
            "name": "WorkloadIdDemoNodes",
            "name_prefix": "",
            "policy": "{\"Version\":\"2012-10-17\",\"Statement\":[{\"Action\":[\"sts:GetCallerIdentity\"],\"Effect\":\"Allow\",\"Resource\":\"*\"},{\"Action\":[\"s3:ListBucket\",\"s3:GetObject\"],\"Effect\":\"Allow\",\"Resource\":\"arn:aws:s3:::workload-id-demo-binaries/*\",\"Sid\":\"\"}]}",
            "role": "WorkloadIdDemoNodes"
          },
          "sensitive_attributes": [],
          "private": "bnVsbA==",
          "dependencies": [
            "aws_iam_role.workload_id_demo_nodes_role",
            "aws_s3_bucket.workload_id_demo_binaries_bucket"
          ]
        }
      ]
    },
    {
      "mode": "managed",
      "type": "aws_instance",
      "name": "workload_id_demo_backend_1",
      "provider": "provider[\"registry.terraform.io/hashicorp/aws\"]",
      "instances": [
        {
          "schema_version": 1,
          "attributes": {
            "ami": "ami-02284b98a083302f5",
            "arn": "arn:aws:ec2:us-west-2:981262289404:instance/i-0386414f5fda85a7d",
            "associate_public_ip_address": true,
            "availability_zone": "us-west-2b",
            "capacity_reservation_specification": [
              {
                "capacity_reservation_preference": "open",
                "capacity_reservation_target": []
              }
            ],
            "cpu_core_count": 2,
            "cpu_options": [
              {
                "amd_sev_snp": "",
                "core_count": 2,
                "threads_per_core": 1
              }
            ],
            "cpu_threads_per_core": 1,
            "credit_specification": [
              {
                "cpu_credits": "unlimited"
              }
            ],
            "disable_api_stop": false,
            "disable_api_termination": false,
            "ebs_block_device": [],
            "ebs_optimized": false,
            "enclave_options": [
              {
                "enabled": false
              }
            ],
            "ephemeral_block_device": [],
            "get_password_data": false,
            "hibernation": false,
            "host_id": "",
            "host_resource_group_arn": null,
            "iam_instance_profile": "WorkloadIdDemoNodes",
            "id": "i-0386414f5fda85a7d",
            "instance_initiated_shutdown_behavior": "stop",
            "instance_lifecycle": "",
            "instance_market_options": [],
            "instance_state": "running",
            "instance_type": "t4g.small",
            "ipv6_address_count": 0,
            "ipv6_addresses": [],
            "key_name": "",
            "launch_template": [],
            "maintenance_options": [
              {
                "auto_recovery": "default"
              }
            ],
            "metadata_options": [
              {
                "http_endpoint": "enabled",
                "http_protocol_ipv6": "disabled",
                "http_put_response_hop_limit": 1,
                "http_tokens": "required",
                "instance_metadata_tags": "disabled"
              }
            ],
            "monitoring": false,
            "network_interface": [],
            "outpost_arn": "",
            "password_data": "",
            "placement_group": "",
            "placement_partition_number": 0,
            "primary_network_interface_id": "eni-0dfc5135424500640",
            "private_dns": "ip-172-31-20-214.us-west-2.compute.internal",
            "private_dns_name_options": [
              {
                "enable_resource_name_dns_a_record": false,
                "enable_resource_name_dns_aaaa_record": false,
                "hostname_type": "ip-name"
              }
            ],
            "private_ip": "172.31.20.214",
            "public_dns": "ec2-35-163-6-55.us-west-2.compute.amazonaws.com",
            "public_ip": "35.163.6.55",
            "root_block_device": [
              {
                "delete_on_termination": true,
                "device_name": "/dev/sda1",
                "encrypted": true,
                "iops": 100,
                "kms_key_id": "arn:aws:kms:us-west-2:981262289404:key/91827943-a61a-4c30-b2e4-102e6d0eb2ec",
                "tags": {},
                "tags_all": {},
                "throughput": 0,
                "volume_id": "vol-012d21d9da34917f6",
                "volume_size": 20,
                "volume_type": "gp2"
              }
            ],
            "secondary_private_ips": [],
            "security_groups": [
              "WorkloadIdDemoNodes"
            ],
            "source_dest_check": true,
            "spot_instance_request_id": "",
            "subnet_id": "subnet-0b4d17fa60085e081",
            "tags": {
              "Environment": "workload-id-demo",
              "Name": "workload-id-demo-backend-1",
              "Owner": "Dave Sudia",
              "Service": "Workload ID Demo Backend 1"
            },
            "tags_all": {
              "Environment": "workload-id-demo",
              "Name": "workload-id-demo-backend-1",
              "Owner": "Dave Sudia",
              "Service": "Workload ID Demo Backend 1"
            },
            "tenancy": "default",
            "timeouts": null,
            "user_data": "f99e9dcea45277007a067ba0607c0fb2251445d8",
            "user_data_base64": null,
            "user_data_replace_on_change": false,
            "volume_tags": null,
            "vpc_security_group_ids": [
              "sg-0498d87aef1c068a9"
            ]
          },
          "sensitive_attributes": [],
          "private": "eyJlMmJmYjczMC1lY2FhLTExZTYtOGY4OC0zNDM2M2JjN2M0YzAiOnsiY3JlYXRlIjo2MDAwMDAwMDAwMDAsImRlbGV0ZSI6MTIwMDAwMDAwMDAwMCwicmVhZCI6OTAwMDAwMDAwMDAwLCJ1cGRhdGUiOjYwMDAwMDAwMDAwMH0sInNjaGVtYV92ZXJzaW9uIjoiMSJ9",
          "dependencies": [
            "aws_iam_instance_profile.workload_id_demo_nodes_profile",
            "aws_iam_role.workload_id_demo_nodes_role",
            "aws_security_group.workload_id_demo_nodes_sg",
            "cloudinit_config.workload_id_demo_backend_1_cloud_init",
            "data.aws_ami.ubuntu",
            "teleport_provision_token.workload_id_demo_node_token",
            "teleport_provision_token.workload_id_demo_web_bot_token"
          ]
        }
      ]
    },
    {
      "mode": "managed",
      "type": "aws_instance",
      "name": "workload_id_demo_web",
      "provider": "provider[\"registry.terraform.io/hashicorp/aws\"]",
      "instances": [
        {
          "schema_version": 1,
          "attributes": {
            "ami": "ami-02284b98a083302f5",
            "arn": "arn:aws:ec2:us-west-2:981262289404:instance/i-0eb95e13d90be5284",
            "associate_public_ip_address": true,
            "availability_zone": "us-west-2b",
            "capacity_reservation_specification": [
              {
                "capacity_reservation_preference": "open",
                "capacity_reservation_target": []
              }
            ],
            "cpu_core_count": 2,
            "cpu_options": [
              {
                "amd_sev_snp": "",
                "core_count": 2,
                "threads_per_core": 1
              }
            ],
            "cpu_threads_per_core": 1,
            "credit_specification": [
              {
                "cpu_credits": "unlimited"
              }
            ],
            "disable_api_stop": false,
            "disable_api_termination": false,
            "ebs_block_device": [],
            "ebs_optimized": false,
            "enclave_options": [
              {
                "enabled": false
              }
            ],
            "ephemeral_block_device": [],
            "get_password_data": false,
            "hibernation": false,
            "host_id": "",
            "host_resource_group_arn": null,
            "iam_instance_profile": "WorkloadIdDemoNodes",
            "id": "i-0eb95e13d90be5284",
            "instance_initiated_shutdown_behavior": "stop",
            "instance_lifecycle": "",
            "instance_market_options": [],
            "instance_state": "running",
            "instance_type": "t4g.small",
            "ipv6_address_count": 0,
            "ipv6_addresses": [],
            "key_name": "",
            "launch_template": [],
            "maintenance_options": [
              {
                "auto_recovery": "default"
              }
            ],
            "metadata_options": [
              {
                "http_endpoint": "enabled",
                "http_protocol_ipv6": "disabled",
                "http_put_response_hop_limit": 1,
                "http_tokens": "required",
                "instance_metadata_tags": "disabled"
              }
            ],
            "monitoring": false,
            "network_interface": [],
            "outpost_arn": "",
            "password_data": "",
            "placement_group": "",
            "placement_partition_number": 0,
            "primary_network_interface_id": "eni-0090451e8c67e6eea",
            "private_dns": "ip-172-31-24-39.us-west-2.compute.internal",
            "private_dns_name_options": [
              {
                "enable_resource_name_dns_a_record": false,
                "enable_resource_name_dns_aaaa_record": false,
                "hostname_type": "ip-name"
              }
            ],
            "private_ip": "172.31.24.39",
            "public_dns": "ec2-44-225-39-235.us-west-2.compute.amazonaws.com",
            "public_ip": "44.225.39.235",
            "root_block_device": [
              {
                "delete_on_termination": true,
                "device_name": "/dev/sda1",
                "encrypted": true,
                "iops": 100,
                "kms_key_id": "arn:aws:kms:us-west-2:981262289404:key/91827943-a61a-4c30-b2e4-102e6d0eb2ec",
                "tags": {},
                "tags_all": {},
                "throughput": 0,
                "volume_id": "vol-04a6e34a94e1532ad",
                "volume_size": 20,
                "volume_type": "gp2"
              }
            ],
            "secondary_private_ips": [],
            "security_groups": [
              "WorkloadIdDemoNodes"
            ],
            "source_dest_check": true,
            "spot_instance_request_id": "",
            "subnet_id": "subnet-0b4d17fa60085e081",
            "tags": {
              "Environment": "workload-id-demo",
              "Name": "workload-id-demo-web",
              "Owner": "Dave Sudia",
              "Service": "Workload ID Demo Web"
            },
            "tags_all": {
              "Environment": "workload-id-demo",
              "Name": "workload-id-demo-web",
              "Owner": "Dave Sudia",
              "Service": "Workload ID Demo Web"
            },
            "tenancy": "default",
            "timeouts": null,
            "user_data": "eb8a7fd1d8081f9c2c1f2aeeeb1ffac6ce93ade1",
            "user_data_base64": null,
            "user_data_replace_on_change": false,
            "volume_tags": null,
            "vpc_security_group_ids": [
              "sg-0498d87aef1c068a9"
            ]
          },
          "sensitive_attributes": [],
          "private": "eyJlMmJmYjczMC1lY2FhLTExZTYtOGY4OC0zNDM2M2JjN2M0YzAiOnsiY3JlYXRlIjo2MDAwMDAwMDAwMDAsImRlbGV0ZSI6MTIwMDAwMDAwMDAwMCwicmVhZCI6OTAwMDAwMDAwMDAwLCJ1cGRhdGUiOjYwMDAwMDAwMDAwMH0sInNjaGVtYV92ZXJzaW9uIjoiMSJ9",
          "dependencies": [
            "aws_iam_instance_profile.workload_id_demo_nodes_profile",
            "aws_iam_role.workload_id_demo_nodes_role",
            "aws_security_group.workload_id_demo_nodes_sg",
            "cloudinit_config.workload_id_demo_web_cloud_init",
            "data.aws_ami.ubuntu",
            "teleport_provision_token.workload_id_demo_node_token",
            "teleport_provision_token.workload_id_demo_web_bot_token"
          ]
        }
      ]
    },
    {
      "mode": "managed",
      "type": "aws_s3_bucket",
      "name": "workload_id_demo_binaries_bucket",
      "provider": "provider[\"registry.terraform.io/hashicorp/aws\"]",
      "instances": [
        {
          "schema_version": 0,
          "attributes": {
            "acceleration_status": "",
            "acl": "private",
            "arn": "arn:aws:s3:::workload-id-demo-binaries",
            "bucket": "workload-id-demo-binaries",
            "bucket_domain_name": "workload-id-demo-binaries.s3.amazonaws.com",
            "bucket_prefix": "",
            "bucket_regional_domain_name": "workload-id-demo-binaries.s3.us-west-2.amazonaws.com",
            "cors_rule": [],
            "force_destroy": false,
            "grant": [
              {
                "id": "2008f1b76c79f4ef032c420a7c3a98a839010944c9bc330367f5cd165e9b72bb",
                "permissions": [
                  "FULL_CONTROL"
                ],
                "type": "CanonicalUser",
                "uri": ""
              }
            ],
            "hosted_zone_id": "Z3BJ6K6RIION7M",
            "id": "workload-id-demo-binaries",
            "lifecycle_rule": [],
            "logging": [],
            "object_lock_configuration": [],
            "object_lock_enabled": false,
            "policy": "",
            "region": "us-west-2",
            "replication_configuration": [],
            "request_payer": "BucketOwner",
            "server_side_encryption_configuration": [
              {
                "rule": [
                  {
                    "apply_server_side_encryption_by_default": [
                      {
                        "kms_master_key_id": "",
                        "sse_algorithm": "AES256"
                      }
                    ],
                    "bucket_key_enabled": false
                  }
                ]
              }
            ],
            "tags": {
              "Environment": "workload-id-demo",
              "Name": "Workload ID Demo Binaries",
              "Owner": "Dave Sudia"
            },
            "tags_all": {
              "Environment": "workload-id-demo",
              "Name": "Workload ID Demo Binaries",
              "Owner": "Dave Sudia"
            },
            "timeouts": null,
            "versioning": [
              {
                "enabled": false,
                "mfa_delete": false
              }
            ],
            "website": [],
            "website_domain": null,
            "website_endpoint": null
          },
          "sensitive_attributes": [],
          "private": "eyJlMmJmYjczMC1lY2FhLTExZTYtOGY4OC0zNDM2M2JjN2M0YzAiOnsiY3JlYXRlIjoxMjAwMDAwMDAwMDAwLCJkZWxldGUiOjM2MDAwMDAwMDAwMDAsInJlYWQiOjEyMDAwMDAwMDAwMDAsInVwZGF0ZSI6MTIwMDAwMDAwMDAwMH19"
        }
      ]
    },
    {
      "mode": "managed",
      "type": "aws_security_group",
      "name": "workload_id_demo_nodes_sg",
      "provider": "provider[\"registry.terraform.io/hashicorp/aws\"]",
      "instances": [
        {
          "schema_version": 1,
          "attributes": {
            "arn": "arn:aws:ec2:us-west-2:981262289404:security-group/sg-0498d87aef1c068a9",
            "description": "Allow TLS and SSH inbound traffic",
            "egress": [
              {
                "cidr_blocks": [
                  "0.0.0.0/0"
                ],
                "description": "",
                "from_port": 0,
                "ipv6_cidr_blocks": [
                  "::/0"
                ],
                "prefix_list_ids": [],
                "protocol": "-1",
                "security_groups": [],
                "self": false,
                "to_port": 0
              }
            ],
            "id": "sg-0498d87aef1c068a9",
            "ingress": [
              {
                "cidr_blocks": [
                  "0.0.0.0/0"
                ],
                "description": "EC2 Instance Connect from anywhere",
                "from_port": 65535,
                "ipv6_cidr_blocks": [
                  "::/0"
                ],
                "prefix_list_ids": [],
                "protocol": "tcp",
                "security_groups": [],
                "self": false,
                "to_port": 65535
              },
              {
                "cidr_blocks": [
                  "0.0.0.0/0"
                ],
                "description": "SSH from anywhere",
                "from_port": 22,
                "ipv6_cidr_blocks": [
                  "::/0"
                ],
                "prefix_list_ids": [],
                "protocol": "tcp",
                "security_groups": [],
                "self": false,
                "to_port": 22
              },
              {
                "cidr_blocks": [
                  "0.0.0.0/0"
                ],
                "description": "TLS from anywhere",
                "from_port": 443,
                "ipv6_cidr_blocks": [
                  "::/0"
                ],
                "prefix_list_ids": [],
                "protocol": "tcp",
                "security_groups": [],
                "self": false,
                "to_port": 443
              }
            ],
            "name": "WorkloadIdDemoNodes",
            "name_prefix": "",
            "owner_id": "981262289404",
            "revoke_rules_on_delete": false,
            "tags": {
              "Environment": "workload-id-demo",
              "Name": "workload-id-demo-nodes",
              "Owner": "Dave Sudia",
              "Service": "Workload ID Demo Web"
            },
            "tags_all": {
              "Environment": "workload-id-demo",
              "Name": "workload-id-demo-nodes",
              "Owner": "Dave Sudia",
              "Service": "Workload ID Demo Web"
            },
            "timeouts": null,
            "vpc_id": "vpc-05767f0665aa7e1fe"
          },
          "sensitive_attributes": [],
          "private": "eyJlMmJmYjczMC1lY2FhLTExZTYtOGY4OC0zNDM2M2JjN2M0YzAiOnsiY3JlYXRlIjo2MDAwMDAwMDAwMDAsImRlbGV0ZSI6OTAwMDAwMDAwMDAwfSwic2NoZW1hX3ZlcnNpb24iOiIxIn0="
        }
      ]
    },
    {
      "mode": "managed",
      "type": "cloudinit_config",
      "name": "workload_id_demo_backend_1_cloud_init",
      "provider": "provider[\"registry.terraform.io/hashicorp/cloudinit\"]",
      "instances": [
        {
          "schema_version": 0,
          "attributes": {
            "base64_encode": false,
            "boundary": "MIMEBOUNDARY",
            "gzip": false,
            "id": "3534381711",
            "part": [
              {
                "content": "#! /usr/bin/env bash\n\nset -euxo pipefail\n\ncat \u003c\u003c 'EOF' \u003e /etc/systemd/system/tbot.service\n[Unit]\nDescription=Teleport Machine ID Service\nAfter=network.target\n\n[Service]\nType=simple\nUser=root\nGroup=root\nRestart=on-failure\nEnvironment=\"TELEPORT_ANONYMOUS_TELEMETRY=1 WORKLOAD_IDENTITY_EXPERIMENT=1\"\nExecStart=/usr/local/bin/tbot start -c /etc/tbot.yaml\nExecReload=/bin/kill -HUP $MAINPID\nPIDFile=/run/tbot.pid\nLimitNOFILE=524288\n\n[Install]\nWantedBy=multi-user.target\nEOF\n\ncat \u003c\u003c EOF \u003e /etc/tbot.yaml\nversion: v2\nauth_server: teleport-ent-15-workload.asteroid.earth:443\nonboarding:\n  join_method: iam\n  token: workload-id-demo-web-bot\nstorage:\n  type: directory\n  path: /etc/tbot\noutputs:\n- type: spiffe-svid\n  destination:\n    type: directory\n    path: /etc/tbot/spiffe/demo-backend-1\n  svid:\n    path: /demo-backend-1\nservices:\n- type: spiffe-workload-api\n  listen: unix:///etc/tbot/demo-backend-1.sock\n  svids:\n  - path: /demo-backend-1\nEOF",
                "content_type": "text/x-shellscript",
                "filename": "create_tbot_config.sh",
                "merge_type": null
              },
              {
                "content": "#! /usr/bin/env bash\n\nset -euxo pipefail\n\ncat \u003c\u003c EOF \u003e /etc/teleport.yaml\nversion: v3\nteleport:\n  nodename: workload-id-demo-backend-1\n  data_dir: /var/lib/teleport\n  proxy_server: teleport-ent-15-workload.asteroid.earth:443\n  join_params:\n    token_name: workload-id-demo-nodes\n    method: iam\n  log:\n    output: stderr\n    severity: INFO\n    format:\n      output: text\nauth_service:\n  enabled: \"no\"\nssh_service:\n  enabled: \"yes\"\n  labels:\n    env: example\n  commands:\n  - name: hostname\n    command: [hostname]\n    period: 1m0s\nproxy_service:\n  enabled: \"no\"\nEOF\n",
                "content_type": "text/x-shellscript",
                "filename": "create_teleport_config.sh",
                "merge_type": null
              },
              {
                "content": "#! /usr/bin/env bash\n\nset -euxo pipefail\n\napt-get -y update\napt-get -y install software-properties-common\napt-get -y install apt-transport-https\napt-get -y install wget\napt-get -y install awscli\n\n# these are pre-release binaries\naws s3 cp s3://workload-id-demo-binaries/linux-arm64/teleport /usr/local/bin/teleport\naws s3 cp s3://workload-id-demo-binaries/linux-arm64/tbot /usr/local/bin/tbot\n\nchmod +x /usr/local/bin/teleport\nchmod +x /usr/local/bin/tbot\n\necho \"-----\u003e Install SystemD\"\n\nteleport install systemd \u003e /etc/systemd/system/teleport.service\n\nsystemctl enable teleport\nsystemctl start teleport\nsystemctl enable tbot\nsystemctl start tbot",
                "content_type": "text/x-shellscript",
                "filename": "install_teleport.sh",
                "merge_type": null
              }
            ],
            "rendered": "Content-Type: multipart/mixed; boundary=\"MIMEBOUNDARY\"\nMIME-Version: 1.0\r\n\r\n--MIMEBOUNDARY\r\nContent-Disposition: attachment; filename=\"create_tbot_config.sh\"\r\nContent-Transfer-Encoding: 7bit\r\nContent-Type: text/x-shellscript\r\nMime-Version: 1.0\r\n\r\n#! /usr/bin/env bash\n\nset -euxo pipefail\n\ncat \u003c\u003c 'EOF' \u003e /etc/systemd/system/tbot.service\n[Unit]\nDescription=Teleport Machine ID Service\nAfter=network.target\n\n[Service]\nType=simple\nUser=root\nGroup=root\nRestart=on-failure\nEnvironment=\"TELEPORT_ANONYMOUS_TELEMETRY=1 WORKLOAD_IDENTITY_EXPERIMENT=1\"\nExecStart=/usr/local/bin/tbot start -c /etc/tbot.yaml\nExecReload=/bin/kill -HUP $MAINPID\nPIDFile=/run/tbot.pid\nLimitNOFILE=524288\n\n[Install]\nWantedBy=multi-user.target\nEOF\n\ncat \u003c\u003c EOF \u003e /etc/tbot.yaml\nversion: v2\nauth_server: teleport-ent-15-workload.asteroid.earth:443\nonboarding:\n  join_method: iam\n  token: workload-id-demo-web-bot\nstorage:\n  type: directory\n  path: /etc/tbot\noutputs:\n- type: spiffe-svid\n  destination:\n    type: directory\n    path: /etc/tbot/spiffe/demo-backend-1\n  svid:\n    path: /demo-backend-1\nservices:\n- type: spiffe-workload-api\n  listen: unix:///etc/tbot/demo-backend-1.sock\n  svids:\n  - path: /demo-backend-1\nEOF\r\n--MIMEBOUNDARY\r\nContent-Disposition: attachment; filename=\"create_teleport_config.sh\"\r\nContent-Transfer-Encoding: 7bit\r\nContent-Type: text/x-shellscript\r\nMime-Version: 1.0\r\n\r\n#! /usr/bin/env bash\n\nset -euxo pipefail\n\ncat \u003c\u003c EOF \u003e /etc/teleport.yaml\nversion: v3\nteleport:\n  nodename: workload-id-demo-backend-1\n  data_dir: /var/lib/teleport\n  proxy_server: teleport-ent-15-workload.asteroid.earth:443\n  join_params:\n    token_name: workload-id-demo-nodes\n    method: iam\n  log:\n    output: stderr\n    severity: INFO\n    format:\n      output: text\nauth_service:\n  enabled: \"no\"\nssh_service:\n  enabled: \"yes\"\n  labels:\n    env: example\n  commands:\n  - name: hostname\n    command: [hostname]\n    period: 1m0s\nproxy_service:\n  enabled: \"no\"\nEOF\n\r\n--MIMEBOUNDARY\r\nContent-Disposition: attachment; filename=\"install_teleport.sh\"\r\nContent-Transfer-Encoding: 7bit\r\nContent-Type: text/x-shellscript\r\nMime-Version: 1.0\r\n\r\n#! /usr/bin/env bash\n\nset -euxo pipefail\n\napt-get -y update\napt-get -y install software-properties-common\napt-get -y install apt-transport-https\napt-get -y install wget\napt-get -y install awscli\n\n# these are pre-release binaries\naws s3 cp s3://workload-id-demo-binaries/linux-arm64/teleport /usr/local/bin/teleport\naws s3 cp s3://workload-id-demo-binaries/linux-arm64/tbot /usr/local/bin/tbot\n\nchmod +x /usr/local/bin/teleport\nchmod +x /usr/local/bin/tbot\n\necho \"-----\u003e Install SystemD\"\n\nteleport install systemd \u003e /etc/systemd/system/teleport.service\n\nsystemctl enable teleport\nsystemctl start teleport\nsystemctl enable tbot\nsystemctl start tbot\r\n--MIMEBOUNDARY--\r\n"
          },
          "sensitive_attributes": [
            [
              {
                "type": "get_attr",
                "value": "part"
              },
              {
                "type": "index",
                "value": {
                  "value": 0,
                  "type": "number"
                }
              },
              {
                "type": "get_attr",
                "value": "content"
              }
            ],
            [
              {
                "type": "get_attr",
                "value": "part"
              },
              {
                "type": "index",
                "value": {
                  "value": 1,
                  "type": "number"
                }
              },
              {
                "type": "get_attr",
                "value": "content"
              }
            ]
          ],
          "dependencies": [
            "teleport_provision_token.workload_id_demo_node_token",
            "teleport_provision_token.workload_id_demo_web_bot_token"
          ]
        }
      ]
    },
    {
      "mode": "managed",
      "type": "cloudinit_config",
      "name": "workload_id_demo_web_cloud_init",
      "provider": "provider[\"registry.terraform.io/hashicorp/cloudinit\"]",
      "instances": [
        {
          "schema_version": 0,
          "attributes": {
            "base64_encode": false,
            "boundary": "MIMEBOUNDARY",
            "gzip": false,
            "id": "1057535261",
            "part": [
              {
                "content": "#! /usr/bin/env bash\n\nset -euxo pipefail\n\ncat \u003c\u003c 'EOF' \u003e /etc/systemd/system/tbot.service\n[Unit]\nDescription=Teleport Machine ID Service\nAfter=network.target\n\n[Service]\nType=simple\nUser=root\nGroup=root\nRestart=on-failure\nEnvironment=\"TELEPORT_ANONYMOUS_TELEMETRY=1 WORKLOAD_IDENTITY_EXPERIMENT=1\"\nExecStart=/usr/local/bin/tbot start -c /etc/tbot.yaml\nExecReload=/bin/kill -HUP $MAINPID\nPIDFile=/run/tbot.pid\nLimitNOFILE=524288\n\n[Install]\nWantedBy=multi-user.target\nEOF\n\ncat \u003c\u003c EOF \u003e /etc/tbot.yaml\nversion: v2\nauth_server: teleport-ent-15-workload.asteroid.earth:443\nonboarding:\n  join_method: iam\n  token: workload-id-demo-web-bot\nstorage:\n  type: directory\n  path: /etc/tbot\noutputs:\n- type: spiffe-svid\n  destination:\n    type: directory\n    path: /etc/tbot/spiffe/demo-web\n  svid:\n    path: /demo-web\nservices:\n- type: spiffe-workload-api\n  listen: unix:///etc/tbot/demo-web.sock\n  svids:\n  - path: /demo-web\nEOF",
                "content_type": "text/x-shellscript",
                "filename": "create_tbot_config.sh",
                "merge_type": null
              },
              {
                "content": "#! /usr/bin/env bash\n\nset -euxo pipefail\n\ncat \u003c\u003c EOF \u003e /etc/teleport.yaml\nversion: v3\nteleport:\n  nodename: workload-id-demo-web\n  data_dir: /var/lib/teleport\n  proxy_server: teleport-ent-15-workload.asteroid.earth:443\n  join_params:\n    token_name: workload-id-demo-nodes\n    method: iam\n  log:\n    output: stderr\n    severity: INFO\n    format:\n      output: text\nauth_service:\n  enabled: \"no\"\nssh_service:\n  enabled: \"yes\"\n  labels:\n    env: example\n  commands:\n  - name: hostname\n    command: [hostname]\n    period: 1m0s\nproxy_service:\n  enabled: \"no\"\nEOF\n",
                "content_type": "text/x-shellscript",
                "filename": "create_teleport_config.sh",
                "merge_type": null
              },
              {
                "content": "#! /usr/bin/env bash\n\nset -euxo pipefail\n\napt-get -y update\napt-get -y install wget\n\nwget https://github.com/ghostunnel/ghostunnel/releases/download/v1.7.3/ghostunnel-linux-arm64\n\nmv ghostunnel-linux-arm64 /usr/local/bin/ghostunnel\n\nchmod +x /usr/local/bin/ghostunnel\n",
                "content_type": "text/x-shellscript",
                "filename": "install_ghostunnel.sh",
                "merge_type": null
              },
              {
                "content": "#! /usr/bin/env bash\n\nset -euxo pipefail\n\napt-get -y update\napt-get -y install software-properties-common\napt-get -y install apt-transport-https\napt-get -y install wget\napt-get -y install awscli\n\n# these are pre-release binaries\naws s3 cp s3://workload-id-demo-binaries/linux-arm64/teleport /usr/local/bin/teleport\naws s3 cp s3://workload-id-demo-binaries/linux-arm64/tbot /usr/local/bin/tbot\n\nchmod +x /usr/local/bin/teleport\nchmod +x /usr/local/bin/tbot\n\necho \"-----\u003e Install SystemD\"\n\nteleport install systemd \u003e /etc/systemd/system/teleport.service\n\nsystemctl enable teleport\nsystemctl start teleport\nsystemctl enable tbot\nsystemctl start tbot",
                "content_type": "text/x-shellscript",
                "filename": "install_teleport.sh",
                "merge_type": null
              }
            ],
            "rendered": "Content-Type: multipart/mixed; boundary=\"MIMEBOUNDARY\"\nMIME-Version: 1.0\r\n\r\n--MIMEBOUNDARY\r\nContent-Disposition: attachment; filename=\"create_tbot_config.sh\"\r\nContent-Transfer-Encoding: 7bit\r\nContent-Type: text/x-shellscript\r\nMime-Version: 1.0\r\n\r\n#! /usr/bin/env bash\n\nset -euxo pipefail\n\ncat \u003c\u003c 'EOF' \u003e /etc/systemd/system/tbot.service\n[Unit]\nDescription=Teleport Machine ID Service\nAfter=network.target\n\n[Service]\nType=simple\nUser=root\nGroup=root\nRestart=on-failure\nEnvironment=\"TELEPORT_ANONYMOUS_TELEMETRY=1 WORKLOAD_IDENTITY_EXPERIMENT=1\"\nExecStart=/usr/local/bin/tbot start -c /etc/tbot.yaml\nExecReload=/bin/kill -HUP $MAINPID\nPIDFile=/run/tbot.pid\nLimitNOFILE=524288\n\n[Install]\nWantedBy=multi-user.target\nEOF\n\ncat \u003c\u003c EOF \u003e /etc/tbot.yaml\nversion: v2\nauth_server: teleport-ent-15-workload.asteroid.earth:443\nonboarding:\n  join_method: iam\n  token: workload-id-demo-web-bot\nstorage:\n  type: directory\n  path: /etc/tbot\noutputs:\n- type: spiffe-svid\n  destination:\n    type: directory\n    path: /etc/tbot/spiffe/demo-web\n  svid:\n    path: /demo-web\nservices:\n- type: spiffe-workload-api\n  listen: unix:///etc/tbot/demo-web.sock\n  svids:\n  - path: /demo-web\nEOF\r\n--MIMEBOUNDARY\r\nContent-Disposition: attachment; filename=\"create_teleport_config.sh\"\r\nContent-Transfer-Encoding: 7bit\r\nContent-Type: text/x-shellscript\r\nMime-Version: 1.0\r\n\r\n#! /usr/bin/env bash\n\nset -euxo pipefail\n\ncat \u003c\u003c EOF \u003e /etc/teleport.yaml\nversion: v3\nteleport:\n  nodename: workload-id-demo-web\n  data_dir: /var/lib/teleport\n  proxy_server: teleport-ent-15-workload.asteroid.earth:443\n  join_params:\n    token_name: workload-id-demo-nodes\n    method: iam\n  log:\n    output: stderr\n    severity: INFO\n    format:\n      output: text\nauth_service:\n  enabled: \"no\"\nssh_service:\n  enabled: \"yes\"\n  labels:\n    env: example\n  commands:\n  - name: hostname\n    command: [hostname]\n    period: 1m0s\nproxy_service:\n  enabled: \"no\"\nEOF\n\r\n--MIMEBOUNDARY\r\nContent-Disposition: attachment; filename=\"install_ghostunnel.sh\"\r\nContent-Transfer-Encoding: 7bit\r\nContent-Type: text/x-shellscript\r\nMime-Version: 1.0\r\n\r\n#! /usr/bin/env bash\n\nset -euxo pipefail\n\napt-get -y update\napt-get -y install wget\n\nwget https://github.com/ghostunnel/ghostunnel/releases/download/v1.7.3/ghostunnel-linux-arm64\n\nmv ghostunnel-linux-arm64 /usr/local/bin/ghostunnel\n\nchmod +x /usr/local/bin/ghostunnel\n\r\n--MIMEBOUNDARY\r\nContent-Disposition: attachment; filename=\"install_teleport.sh\"\r\nContent-Transfer-Encoding: 7bit\r\nContent-Type: text/x-shellscript\r\nMime-Version: 1.0\r\n\r\n#! /usr/bin/env bash\n\nset -euxo pipefail\n\napt-get -y update\napt-get -y install software-properties-common\napt-get -y install apt-transport-https\napt-get -y install wget\napt-get -y install awscli\n\n# these are pre-release binaries\naws s3 cp s3://workload-id-demo-binaries/linux-arm64/teleport /usr/local/bin/teleport\naws s3 cp s3://workload-id-demo-binaries/linux-arm64/tbot /usr/local/bin/tbot\n\nchmod +x /usr/local/bin/teleport\nchmod +x /usr/local/bin/tbot\n\necho \"-----\u003e Install SystemD\"\n\nteleport install systemd \u003e /etc/systemd/system/teleport.service\n\nsystemctl enable teleport\nsystemctl start teleport\nsystemctl enable tbot\nsystemctl start tbot\r\n--MIMEBOUNDARY--\r\n"
          },
          "sensitive_attributes": [
            [
              {
                "type": "get_attr",
                "value": "part"
              },
              {
                "type": "index",
                "value": {
                  "value": 0,
                  "type": "number"
                }
              },
              {
                "type": "get_attr",
                "value": "content"
              }
            ],
            [
              {
                "type": "get_attr",
                "value": "part"
              },
              {
                "type": "index",
                "value": {
                  "value": 1,
                  "type": "number"
                }
              },
              {
                "type": "get_attr",
                "value": "content"
              }
            ]
          ],
          "dependencies": [
            "teleport_provision_token.workload_id_demo_node_token",
            "teleport_provision_token.workload_id_demo_web_bot_token"
          ]
        }
      ]
    },
    {
      "mode": "managed",
      "type": "teleport_provision_token",
      "name": "workload_id_demo_backend_1_bot_token",
      "provider": "provider[\"terraform.releases.teleport.dev/gravitational/teleport\"]",
      "instances": [
        {
          "schema_version": 0,
          "attributes": {
            "id": "1709242155764496017",
            "kind": "token",
            "metadata": {
              "description": "Token for Workload ID Demo backend Bot",
              "expires": null,
              "labels": null,
              "name": "workload-id-demo-backend-bot",
              "namespace": "default",
              "revision": null
            },
            "spec": {
              "allow": [
                {
                  "aws_account": "981262289404",
                  "aws_arn": "arn:aws:sts::981262289404:assumed-role/WorkloadIdDemoNodes/i-*",
                  "aws_regions": null,
                  "aws_role": null
                }
              ],
              "aws_iid_ttl": "0s",
              "azure": null,
              "bot_name": "workload-id-demo-backend-1-bot",
              "circleci": null,
              "gcp": null,
              "github": null,
              "gitlab": null,
              "join_method": "iam",
              "kubernetes": null,
              "roles": [
                "Bot"
              ],
              "spacelift": null,
              "suggested_agent_matcher_labels": null,
              "suggested_labels": null
            },
            "sub_kind": null,
            "version": "v2"
          },
          "sensitive_attributes": []
        }
      ]
    },
    {
      "mode": "managed",
      "type": "teleport_provision_token",
      "name": "workload_id_demo_node_token",
      "provider": "provider[\"terraform.releases.teleport.dev/gravitational/teleport\"]",
      "instances": [
        {
          "schema_version": 0,
          "attributes": {
            "id": "1709163796846917658",
            "kind": "token",
            "metadata": {
              "description": "Token for Workload ID Demo Nodes - web and backend",
              "expires": null,
              "labels": null,
              "name": "workload-id-demo-nodes",
              "namespace": "default",
              "revision": null
            },
            "spec": {
              "allow": [
                {
                  "aws_account": "981262289404",
                  "aws_arn": "arn:aws:sts::981262289404:assumed-role/WorkloadIdDemoNodes/i-*",
                  "aws_regions": null,
                  "aws_role": null
                }
              ],
              "aws_iid_ttl": "0s",
              "azure": null,
              "bot_name": null,
              "circleci": null,
              "gcp": null,
              "github": null,
              "gitlab": null,
              "join_method": "iam",
              "kubernetes": null,
              "roles": [
                "Node"
              ],
              "spacelift": null,
              "suggested_agent_matcher_labels": null,
              "suggested_labels": null
            },
            "sub_kind": null,
            "version": "v2"
          },
          "sensitive_attributes": []
        }
      ]
    },
    {
      "mode": "managed",
      "type": "teleport_provision_token",
      "name": "workload_id_demo_web_bot_token",
      "provider": "provider[\"terraform.releases.teleport.dev/gravitational/teleport\"]",
      "instances": [
        {
          "schema_version": 0,
          "attributes": {
            "id": "1709242155762480526",
            "kind": "token",
            "metadata": {
              "description": "Token for Workload ID Demo Web Bot",
              "expires": null,
              "labels": null,
              "name": "workload-id-demo-web-bot",
              "namespace": "default",
              "revision": null
            },
            "spec": {
              "allow": [
                {
                  "aws_account": "981262289404",
                  "aws_arn": "arn:aws:sts::981262289404:assumed-role/WorkloadIdDemoNodes/i-*",
                  "aws_regions": null,
                  "aws_role": null
                }
              ],
              "aws_iid_ttl": "0s",
              "azure": null,
              "bot_name": "workload-id-demo-web-bot",
              "circleci": null,
              "gcp": null,
              "github": null,
              "gitlab": null,
              "join_method": "iam",
              "kubernetes": null,
              "roles": [
                "Bot"
              ],
              "spacelift": null,
              "suggested_agent_matcher_labels": null,
              "suggested_labels": null
            },
            "sub_kind": null,
            "version": "v2"
          },
          "sensitive_attributes": []
        }
      ]
    },
    {
      "mode": "managed",
      "type": "teleport_role",
      "name": "workload_id_demo_backend_1_bot_role",
      "provider": "provider[\"terraform.releases.teleport.dev/gravitational/teleport\"]",
      "instances": [
        {
          "schema_version": 0,
          "attributes": {
            "id": "workload-id-demo-backend-1-spiffe-bot",
            "kind": "role",
            "metadata": {
              "description": null,
              "expires": null,
              "labels": null,
              "name": "workload-id-demo-backend-1-spiffe-bot",
              "namespace": "default",
              "revision": null
            },
            "spec": {
              "allow": {
                "app_labels": null,
                "app_labels_expression": null,
                "aws_role_arns": null,
                "azure_identities": null,
                "cluster_labels": null,
                "cluster_labels_expression": null,
                "db_labels": null,
                "db_labels_expression": null,
                "db_names": null,
                "db_permissions": null,
                "db_roles": null,
                "db_service_labels": null,
                "db_service_labels_expression": null,
                "db_users": null,
                "desktop_groups": null,
                "gcp_service_accounts": null,
                "group_labels": null,
                "group_labels_expression": null,
                "host_groups": null,
                "host_sudoers": null,
                "impersonate": null,
                "join_sessions": null,
                "kubernetes_groups": null,
                "kubernetes_labels": null,
                "kubernetes_labels_expression": null,
                "kubernetes_resources": [],
                "kubernetes_users": null,
                "logins": null,
                "node_labels": null,
                "node_labels_expression": null,
                "request": null,
                "require_session_join": null,
                "review_requests": null,
                "rules": null,
                "spiffe": [
                  {
                    "dns_sans": [
                      "*"
                    ],
                    "ip_sans": [
                      "0.0.0.0/0"
                    ],
                    "path": "/demo-backend-1"
                  }
                ],
                "windows_desktop_labels": null,
                "windows_desktop_labels_expression": null,
                "windows_desktop_logins": null
              },
              "deny": null,
              "options": null
            },
            "sub_kind": null,
            "version": "v7"
          },
          "sensitive_attributes": []
        }
      ]
    },
    {
      "mode": "managed",
      "type": "teleport_role",
      "name": "workload_id_demo_web_bot_role",
      "provider": "provider[\"terraform.releases.teleport.dev/gravitational/teleport\"]",
      "instances": [
        {
          "schema_version": 0,
          "attributes": {
            "id": "workload-id-demo-web-spiffe-bot",
            "kind": "role",
            "metadata": {
              "description": null,
              "expires": null,
              "labels": null,
              "name": "workload-id-demo-web-spiffe-bot",
              "namespace": "default",
              "revision": null
            },
            "spec": {
              "allow": {
                "app_labels": null,
                "app_labels_expression": null,
                "aws_role_arns": null,
                "azure_identities": null,
                "cluster_labels": null,
                "cluster_labels_expression": null,
                "db_labels": null,
                "db_labels_expression": null,
                "db_names": null,
                "db_permissions": null,
                "db_roles": null,
                "db_service_labels": null,
                "db_service_labels_expression": null,
                "db_users": null,
                "desktop_groups": null,
                "gcp_service_accounts": null,
                "group_labels": null,
                "group_labels_expression": null,
                "host_groups": null,
                "host_sudoers": null,
                "impersonate": null,
                "join_sessions": null,
                "kubernetes_groups": null,
                "kubernetes_labels": null,
                "kubernetes_labels_expression": null,
                "kubernetes_resources": [],
                "kubernetes_users": null,
                "logins": null,
                "node_labels": null,
                "node_labels_expression": null,
                "request": null,
                "require_session_join": null,
                "review_requests": null,
                "rules": null,
                "spiffe": [
                  {
                    "dns_sans": [
                      "*"
                    ],
                    "ip_sans": [
                      "0.0.0.0/0"
                    ],
                    "path": "/demo-web"
                  }
                ],
                "windows_desktop_labels": null,
                "windows_desktop_labels_expression": null,
                "windows_desktop_logins": null
              },
              "deny": null,
              "options": null
            },
            "sub_kind": null,
            "version": "v7"
          },
          "sensitive_attributes": []
        }
      ]
    }
  ],
  "check_results": null
}
